
Microsoft Visual Studio Solution File, Format Version 12.00
# Visual Studio Version 17
VisualStudioVersion = 17.0.31912.275
MinimumVisualStudioVersion = 10.0.40219.1
Project("{9A19103F-16F7-4668-BE54-9A1E7A4F7556}") = "JSON_File", "JSON_File\JSON_File.csproj", "{45BD31CA-7661-4C63-8093-C9AFC6419D22}"
EndProject
Project("{9A19103F-16F7-4668-BE54-9A1E7A4F7556}") = "XML_File", "XML_File\XML_File.csproj", "{68FA27FB-EE5A-490F-A657-A267EF6D9B14}"
EndProject
Project("{FAE04EC0-301F-11D3-BF4B-00C04F79EFBC}") = "CSV_File", "CSV_File\CSV_File.csproj", "{83C19283-3089-438B-ABAB-FD237EF1FE4F}"
EndProject
Global
	GlobalSection(SolutionConfigurationPlatforms) = preSolution
		Debug|Any CPU = Debug|Any CPU
		Release|Any CPU = Release|Any CPU
	EndGlobalSection
	GlobalSection(ProjectConfigurationPlatforms) = postSolution
		{45BD31CA-7661-4C63-8093-C9AFC6419D22}.Debug|Any CPU.ActiveCfg = Debug|Any CPU
		{45BD31CA-7661-4C63-8093-C9AFC6419D22}.Debug|Any CPU.Build.0 = Debug|Any CPU
		{45BD31CA-7661-4C63-8093-C9AFC6419D22}.Release|Any CPU.ActiveCfg = Release|Any CPU
		{45BD31CA-7661-4C63-8093-C9AFC6419D22}.Release|Any CPU.Build.0 = Release|Any CPU
		{68FA27FB-EE5A-490F-A657-A267EF6D9B14}.Debug|Any CPU.ActiveCfg = Debug|Any CPU
		{68FA27FB-EE5A-490F-A657-A267EF6D9B14}.Debug|Any CPU.Build.0 = Debug|Any CPU
		{68FA27FB-EE5A-490F-A657-A267EF6D9B14}.Release|Any CPU.ActiveCfg = Release|Any CPU
		{68FA27FB-EE5A-490F-A657-A267EF6D9B14}.Release|Any CPU.Build.0 = Release|Any CPU
		{83C19283-3089-438B-ABAB-FD237EF1FE4F}.Debug|Any CPU.ActiveCfg = Debug|Any CPU
		{83C19283-3089-438B-ABAB-FD237EF1FE4F}.Debug|Any CPU.Build.0 = Debug|Any CPU
		{83C19283-3089-438B-ABAB-FD237EF1FE4F}.Release|Any CPU.ActiveCfg = Release|Any CPU
		{83C19283-3089-438B-ABAB-FD237EF1FE4F}.Release|Any CPU.Build.0 = Release|Any CPU
	EndGlobalSection
	GlobalSection(SolutionProperties) = preSolution
		HideSolutionNode = FALSE
	EndGlobalSection
	GlobalSection(ExtensibilityGlobals) = postSolution
		SolutionGuid = {822A02EC-BCDD-403F-A5AD-780F1605D205}
	EndGlobalSection
EndGlobal
